
Microsoft Visual Studio Solution File, Format Version 12.00
# Visual Studio 15
VisualStudioVersion = 15.0.26730.15
MinimumVisualStudioVersion = 10.0.40219.1
Project("{9A19103F-16F7-4668-BE54-9A1E7A4F7556}") = "02. LineNumbers", "02. LineNumbers\02. LineNumbers.csproj", "{26D3F4BA-D689-4DC8-8B57-1D9D26FDC7DF}"
EndProject
Project("{9A19103F-16F7-4668-BE54-9A1E7A4F7556}") = "03. WordCount", "03. WordCount\03. WordCount.csproj", "{195E2587-A750-4776-87B7-A50FA04F452D}"
EndProject
Project("{9A19103F-16F7-4668-BE54-9A1E7A4F7556}") = "04. CopyBinaryFile", "04. CopyBinaryFile\04. CopyBinaryFile.csproj", "{7C0BF528-E3E1-499F-8E2E-394594B94499}"
EndProject
Project("{9A19103F-16F7-4668-BE54-9A1E7A4F7556}") = "05. SlicingFile", "05. SlicingFile\05. SlicingFile.csproj", "{0553510D-5190-4F3F-978B-0E3D924CA7D9}"
EndProject
Project("{9A19103F-16F7-4668-BE54-9A1E7A4F7556}") = "06. ZippingSlicedFiles", "06. ZippingSlicedFiles\06. ZippingSlicedFiles.csproj", "{40CEF45D-D6A7-442F-855F-3BEABB863937}"
EndProject
Project("{9A19103F-16F7-4668-BE54-9A1E7A4F7556}") = "07. DirectoryTraversal", "07. DirectoryTraversal\07. DirectoryTraversal.csproj", "{1C720909-D8F4-40E3-A6A8-946391AD5F8F}"
EndProject
Project("{9A19103F-16F7-4668-BE54-9A1E7A4F7556}") = "08. FullDirectoryTraversal", "08. FullDirectoryTraversal\08. FullDirectoryTraversal.csproj", "{60008F64-FC2B-4865-AC83-BA474A35DF0C}"
EndProject
Project("{FAE04EC0-301F-11D3-BF4B-00C04F79EFBC}") = "01. OddLines", "01. OddLines\01. OddLines.csproj", "{6AE04500-F589-49D2-82EF-4DFE0675F8D9}"
EndProject
Global
	GlobalSection(SolutionConfigurationPlatforms) = preSolution
		Debug|Any CPU = Debug|Any CPU
		Release|Any CPU = Release|Any CPU
	EndGlobalSection
	GlobalSection(ProjectConfigurationPlatforms) = postSolution
		{26D3F4BA-D689-4DC8-8B57-1D9D26FDC7DF}.Debug|Any CPU.ActiveCfg = Debug|Any CPU
		{26D3F4BA-D689-4DC8-8B57-1D9D26FDC7DF}.Debug|Any CPU.Build.0 = Debug|Any CPU
		{26D3F4BA-D689-4DC8-8B57-1D9D26FDC7DF}.Release|Any CPU.ActiveCfg = Release|Any CPU
		{26D3F4BA-D689-4DC8-8B57-1D9D26FDC7DF}.Release|Any CPU.Build.0 = Release|Any CPU
		{195E2587-A750-4776-87B7-A50FA04F452D}.Debug|Any CPU.ActiveCfg = Debug|Any CPU
		{195E2587-A750-4776-87B7-A50FA04F452D}.Debug|Any CPU.Build.0 = Debug|Any CPU
		{195E2587-A750-4776-87B7-A50FA04F452D}.Release|Any CPU.ActiveCfg = Release|Any CPU
		{195E2587-A750-4776-87B7-A50FA04F452D}.Release|Any CPU.Build.0 = Release|Any CPU
		{7C0BF528-E3E1-499F-8E2E-394594B94499}.Debug|Any CPU.ActiveCfg = Debug|Any CPU
		{7C0BF528-E3E1-499F-8E2E-394594B94499}.Debug|Any CPU.Build.0 = Debug|Any CPU
		{7C0BF528-E3E1-499F-8E2E-394594B94499}.Release|Any CPU.ActiveCfg = Release|Any CPU
		{7C0BF528-E3E1-499F-8E2E-394594B94499}.Release|Any CPU.Build.0 = Release|Any CPU
		{0553510D-5190-4F3F-978B-0E3D924CA7D9}.Debug|Any CPU.ActiveCfg = Debug|Any CPU
		{0553510D-5190-4F3F-978B-0E3D924CA7D9}.Debug|Any CPU.Build.0 = Debug|Any CPU
		{0553510D-5190-4F3F-978B-0E3D924CA7D9}.Release|Any CPU.ActiveCfg = Release|Any CPU
		{0553510D-5190-4F3F-978B-0E3D924CA7D9}.Release|Any CPU.Build.0 = Release|Any CPU
		{40CEF45D-D6A7-442F-855F-3BEABB863937}.Debug|Any CPU.ActiveCfg = Debug|Any CPU
		{40CEF45D-D6A7-442F-855F-3BEABB863937}.Debug|Any CPU.Build.0 = Debug|Any CPU
		{40CEF45D-D6A7-442F-855F-3BEABB863937}.Release|Any CPU.ActiveCfg = Release|Any CPU
		{40CEF45D-D6A7-442F-855F-3BEABB863937}.Release|Any CPU.Build.0 = Release|Any CPU
		{1C720909-D8F4-40E3-A6A8-946391AD5F8F}.Debug|Any CPU.ActiveCfg = Debug|Any CPU
		{1C720909-D8F4-40E3-A6A8-946391AD5F8F}.Debug|Any CPU.Build.0 = Debug|Any CPU
		{1C720909-D8F4-40E3-A6A8-946391AD5F8F}.Release|Any CPU.ActiveCfg = Release|Any CPU
		{1C720909-D8F4-40E3-A6A8-946391AD5F8F}.Release|Any CPU.Build.0 = Release|Any CPU
		{60008F64-FC2B-4865-AC83-BA474A35DF0C}.Debug|Any CPU.ActiveCfg = Debug|Any CPU
		{60008F64-FC2B-4865-AC83-BA474A35DF0C}.Debug|Any CPU.Build.0 = Debug|Any CPU
		{60008F64-FC2B-4865-AC83-BA474A35DF0C}.Release|Any CPU.ActiveCfg = Release|Any CPU
		{60008F64-FC2B-4865-AC83-BA474A35DF0C}.Release|Any CPU.Build.0 = Release|Any CPU
		{6AE04500-F589-49D2-82EF-4DFE0675F8D9}.Debug|Any CPU.ActiveCfg = Debug|Any CPU
		{6AE04500-F589-49D2-82EF-4DFE0675F8D9}.Debug|Any CPU.Build.0 = Debug|Any CPU
		{6AE04500-F589-49D2-82EF-4DFE0675F8D9}.Release|Any CPU.ActiveCfg = Release|Any CPU
		{6AE04500-F589-49D2-82EF-4DFE0675F8D9}.Release|Any CPU.Build.0 = Release|Any CPU
	EndGlobalSection
	GlobalSection(SolutionProperties) = preSolution
		HideSolutionNode = FALSE
	EndGlobalSection
	GlobalSection(ExtensibilityGlobals) = postSolution
		SolutionGuid = {4D48269D-A045-4AC7-8EC2-DA2491E6F25F}
	EndGlobalSection
EndGlobal
